
Microsoft Visual Studio Solution File, Format Version 12.00
# Visual Studio Version 16
VisualStudioVersion = 16.0.31019.35
MinimumVisualStudioVersion = 10.0.40219.1
Project("{8BC9CEB8-8B4A-11D0-8D11-00A0C91BC942}") = "Level 1 Assignment", "Level 1 Assignment.vcxproj", "{BE623A96-DBCE-40DC-8413-E4472AA69901}"
EndProject
Global
	GlobalSection(SolutionConfigurationPlatforms) = preSolution
		Debug|x64 = Debug|x64
		Debug|x86 = Debug|x86
		Release|x64 = Release|x64
		Release|x86 = Release|x86
	EndGlobalSection
	GlobalSection(ProjectConfigurationPlatforms) = postSolution
		{BE623A96-DBCE-40DC-8413-E4472AA69901}.Debug|x64.ActiveCfg = Debug|x64
		{BE623A96-DBCE-40DC-8413-E4472AA69901}.Debug|x64.Build.0 = Debug|x64
		{BE623A96-DBCE-40DC-8413-E4472AA69901}.Debug|x86.ActiveCfg = Debug|Win32
		{BE623A96-DBCE-40DC-8413-E4472AA69901}.Debug|x86.Build.0 = Debug|Win32
		{BE623A96-DBCE-40DC-8413-E4472AA69901}.Release|x64.ActiveCfg = Release|x64
		{BE623A96-DBCE-40DC-8413-E4472AA69901}.Release|x64.Build.0 = Release|x64
		{BE623A96-DBCE-40DC-8413-E4472AA69901}.Release|x86.ActiveCfg = Release|Win32
		{BE623A96-DBCE-40DC-8413-E4472AA69901}.Release|x86.Build.0 = Release|Win32
	EndGlobalSection
	GlobalSection(SolutionProperties) = preSolution
		HideSolutionNode = FALSE
	EndGlobalSection
	GlobalSection(ExtensibilityGlobals) = postSolution
		SolutionGuid = {EFD37D7C-6845-46AA-8F43-D5E9DB150F62}
	EndGlobalSection
EndGlobal
